
Microsoft Visual Studio Solution File, Format Version 12.00
# Visual Studio Version 16
VisualStudioVersion = 16.0.31005.135
MinimumVisualStudioVersion = 10.0.40219.1
Project("{FAE04EC0-301F-11D3-BF4B-00C04F79EFBC}") = "XUnitTestProject1", "XUnitTestProject1\XUnitTestProject1.csproj", "{854B85ED-CD26-4511-91E3-6DF40A5BA601}"
EndProject
Global
	GlobalSection(SolutionConfigurationPlatforms) = preSolution
		Debug|Any CPU = Debug|Any CPU
		Release|Any CPU = Release|Any CPU
	EndGlobalSection
	GlobalSection(ProjectConfigurationPlatforms) = postSolution
		{854B85ED-CD26-4511-91E3-6DF40A5BA601}.Debug|Any CPU.ActiveCfg = Debug|Any CPU
		{854B85ED-CD26-4511-91E3-6DF40A5BA601}.Debug|Any CPU.Build.0 = Debug|Any CPU
		{854B85ED-CD26-4511-91E3-6DF40A5BA601}.Release|Any CPU.ActiveCfg = Release|Any CPU
		{854B85ED-CD26-4511-91E3-6DF40A5BA601}.Release|Any CPU.Build.0 = Release|Any CPU
	EndGlobalSection
	GlobalSection(SolutionProperties) = preSolution
		HideSolutionNode = FALSE
	EndGlobalSection
	GlobalSection(ExtensibilityGlobals) = postSolution
		SolutionGuid = {13DAFE01-07B7-421D-917A-29F6FE092F11}
	EndGlobalSection
EndGlobal
