
Microsoft Visual Studio Solution File, Format Version 12.00
# Visual Studio Version 16
VisualStudioVersion = 16.0.31005.135
MinimumVisualStudioVersion = 10.0.40219.1
Project("{9A19103F-16F7-4668-BE54-9A1E7A4F7556}") = "HanSOLO", "HanSOLO.csproj", "{ACA60705-F873-4E12-9E15-815BD79E5FEB}"
EndProject
Global
	GlobalSection(SolutionConfigurationPlatforms) = preSolution
		Debug|Any CPU = Debug|Any CPU
		Release|Any CPU = Release|Any CPU
	EndGlobalSection
	GlobalSection(ProjectConfigurationPlatforms) = postSolution
		{ACA60705-F873-4E12-9E15-815BD79E5FEB}.Debug|Any CPU.ActiveCfg = Debug|Any CPU
		{ACA60705-F873-4E12-9E15-815BD79E5FEB}.Debug|Any CPU.Build.0 = Debug|Any CPU
		{ACA60705-F873-4E12-9E15-815BD79E5FEB}.Release|Any CPU.ActiveCfg = Release|Any CPU
		{ACA60705-F873-4E12-9E15-815BD79E5FEB}.Release|Any CPU.Build.0 = Release|Any CPU
	EndGlobalSection
	GlobalSection(SolutionProperties) = preSolution
		HideSolutionNode = FALSE
	EndGlobalSection
	GlobalSection(ExtensibilityGlobals) = postSolution
		SolutionGuid = {465A9A89-7BA9-42E6-80F6-09E041581645}
	EndGlobalSection
EndGlobal
